Microsoft Visual Studio Solution File, Format Version 12.00
# Visual Studio Version 17
VisualStudioVersion = 17.5.2.0
MinimumVisualStudioVersion = 10.0.40219.1
Project("{FAE04EC0-301F-11D3-BF4B-00C04F79EFBC}") = "gestioneRubrica", "gestioneRubrica.csproj", "{AC3A2A97-8CFC-F729-8BB9-3329893A6B5E}"
EndProject
Global
	GlobalSection(SolutionConfigurationPlatforms) = preSolution
		Debug|Any CPU = Debug|Any CPU
		Release|Any CPU = Release|Any CPU
	EndGlobalSection
	GlobalSection(ProjectConfigurationPlatforms) = postSolution
		{AC3A2A97-8CFC-F729-8BB9-3329893A6B5E}.Debug|Any CPU.ActiveCfg = Debug|Any CPU
		{AC3A2A97-8CFC-F729-8BB9-3329893A6B5E}.Debug|Any CPU.Build.0 = Debug|Any CPU
		{AC3A2A97-8CFC-F729-8BB9-3329893A6B5E}.Release|Any CPU.ActiveCfg = Release|Any CPU
		{AC3A2A97-8CFC-F729-8BB9-3329893A6B5E}.Release|Any CPU.Build.0 = Release|Any CPU
	EndGlobalSection
	GlobalSection(SolutionProperties) = preSolution
		HideSolutionNode = FALSE
	EndGlobalSection
	GlobalSection(ExtensibilityGlobals) = postSolution
		SolutionGuid = {82DEAC8D-546D-4325-90D5-0235BFB7EC3F}
	EndGlobalSection
EndGlobal
